// !$*UTF8*$!
{
	archiveVersion = 1;
	classes = {
	};
	objectVersion = 56;
	objects = {

/* Begin PBXBuildFile section */
		B1BD4B902A7F786B00188333 /* AppDelegate.swift in Sources */ = {isa = PBXBuildFile; fileRef = B1BD4B8F2A7F786B00188333 /* AppDelegate.swift */; };
		B1BD4B922A7F786B00188333 /* SceneDelegate.swift in Sources */ = {isa = PBXBuildFile; fileRef = B1BD4B912A7F786B00188333 /* SceneDelegate.swift */; };
		B1BD4B942A7F786B00188333 /* MainTabViewController.swift in Sources */ = {isa = PBXBuildFile; fileRef = B1BD4B932A7F786B00188333 /* MainTabViewController.swift */; };
		B1BD4B992A7F786C00188333 /* Assets.xcassets in Resources */ = {isa = PBXBuildFile; fileRef = B1BD4B982A7F786C00188333 /* Assets.xcassets */; };
		B1BD4B9C2A7F786C00188333 /* LaunchScreen.storyboard in Resources */ = {isa = PBXBuildFile; fileRef = B1BD4B9A2A7F786C00188333 /* LaunchScreen.storyboard */; };
		B1BD4BA72A7F7E3600188333 /* HomeViewController.swift in Sources */ = {isa = PBXBuildFile; fileRef = B1BD4BA62A7F7E3600188333 /* HomeViewController.swift */; };
		B1BD4BA92A7F7E4900188333 /* UpcomingViewController.swift in Sources */ = {isa = PBXBuildFile; fileRef = B1BD4BA82A7F7E4900188333 /* UpcomingViewController.swift */; };
		B1BD4BAB2A7F7E9600188333 /* SearchViewController.swift in Sources */ = {isa = PBXBuildFile; fileRef = B1BD4BAA2A7F7E9600188333 /* SearchViewController.swift */; };
		B1BD4BAD2A7F7EAA00188333 /* DownloadsViewController.swift in Sources */ = {isa = PBXBuildFile; fileRef = B1BD4BAC2A7F7EAA00188333 /* DownloadsViewController.swift */; };
		B1BD4BB42A7F92FD00188333 /* CollectionViewTableViewCell.swift in Sources */ = {isa = PBXBuildFile; fileRef = B1BD4BB32A7F92FD00188333 /* CollectionViewTableViewCell.swift */; };
/* End PBXBuildFile section */

/* Begin PBXFileReference section */
		B1BD4B8C2A7F786B00188333 /* netflix clone.app */ = {isa = PBXFileReference; explicitFileType = wrapper.application; includeInIndex = 0; path = "netflix clone.app"; sourceTree = BUILT_PRODUCTS_DIR; };
		B1BD4B8F2A7F786B00188333 /* AppDelegate.swift */ = {isa = PBXFileReference; lastKnownFileType = sourcecode.swift; path = AppDelegate.swift; sourceTree = "<group>"; };
		B1BD4B912A7F786B00188333 /* SceneDelegate.swift */ = {isa = PBXFileReference; lastKnownFileType = sourcecode.swift; path = SceneDelegate.swift; sourceTree = "<group>"; };
		B1BD4B932A7F786B00188333 /* MainTabViewController.swift */ = {isa = PBXFileReference; lastKnownFileType = sourcecode.swift; path = MainTabViewController.swift; sourceTree = "<group>"; };
		B1BD4B982A7F786C00188333 /* Assets.xcassets */ = {isa = PBXFileReference; lastKnownFileType = folder.assetcatalog; path = Assets.xcassets; sourceTree = "<group>"; };
		B1BD4B9B2A7F786C00188333 /* Base */ = {isa = PBXFileReference; lastKnownFileType = file.storyboard; name = Base; path = Base.lproj/LaunchScreen.storyboard; sourceTree = "<group>"; };
		B1BD4B9D2A7F786C00188333 /* Info.plist */ = {isa = PBXFileReference; lastKnownFileType = text.plist.xml; path = Info.plist; sourceTree = "<group>"; };
		B1BD4BA62A7F7E3600188333 /* HomeViewController.swift */ = {isa = PBXFileReference; lastKnownFileType = sourcecode.swift; name = HomeViewController.swift; path = "netflix clone/HomeViewController.swift"; sourceTree = SOURCE_ROOT; };
		B1BD4BA82A7F7E4900188333 /* UpcomingViewController.swift */ = {isa = PBXFileReference; lastKnownFileType = sourcecode.swift; path = UpcomingViewController.swift; sourceTree = "<group>"; };
		B1BD4BAA2A7F7E9600188333 /* SearchViewController.swift */ = {isa = PBXFileReference; lastKnownFileType = sourcecode.swift; path = SearchViewController.swift; sourceTree = "<group>"; };
		B1BD4BAC2A7F7EAA00188333 /* DownloadsViewController.swift */ = {isa = PBXFileReference; lastKnownFileType = sourcecode.swift; path = DownloadsViewController.swift; sourceTree = "<group>"; };
		B1BD4BB32A7F92FD00188333 /* CollectionViewTableViewCell.swift */ = {isa = PBXFileReference; lastKnownFileType = sourcecode.swift; path = CollectionViewTableViewCell.swift; sourceTree = "<group>"; };
/* End PBXFileReference section */

/* Begin PBXFrameworksBuildPhase section */
		B1BD4B892A7F786B00188333 /* Frameworks */ = {
			isa = PBXFrameworksBuildPhase;
			buildActionMask = 2147483647;
			files = (
			);
			runOnlyForDeploymentPostprocessing = 0;
		};
/* End PBXFrameworksBuildPhase section */

/* Begin PBXGroup section */
		B1BD4B832A7F786B00188333 = {
			isa = PBXGroup;
			children = (
				B1BD4B8E2A7F786B00188333 /* netflix clone */,
				B1BD4B8D2A7F786B00188333 /* Products */,
			);
			sourceTree = "<group>";
		};
		B1BD4B8D2A7F786B00188333 /* Products */ = {
			isa = PBXGroup;
			children = (
				B1BD4B8C2A7F786B00188333 /* netflix clone.app */,
			);
			name = Products;
			sourceTree = "<group>";
		};
		B1BD4B8E2A7F786B00188333 /* netflix clone */ = {
			isa = PBXGroup;
			children = (
				B1BD4BB22A7F92AB00188333 /* Resources */,
				B1BD4BB12A7F92A100188333 /* Managers */,
				B1BD4BAE2A7F926100188333 /* Models */,
				B1BD4BB02A7F927500188333 /* ViewModels */,
				B1BD4BAF2A7F926800188333 /* Views */,
				B1BD4BA52A7F7DDA00188333 /* controllers */,
				B1BD4B8F2A7F786B00188333 /* AppDelegate.swift */,
				B1BD4B912A7F786B00188333 /* SceneDelegate.swift */,
				B1BD4B932A7F786B00188333 /* MainTabViewController.swift */,
				B1BD4B982A7F786C00188333 /* Assets.xcassets */,
				B1BD4B9A2A7F786C00188333 /* LaunchScreen.storyboard */,
				B1BD4B9D2A7F786C00188333 /* Info.plist */,
			);
			path = "netflix clone";
			sourceTree = "<group>";
		};
		B1BD4BA52A7F7DDA00188333 /* controllers */ = {
			isa = PBXGroup;
			children = (
				B1BD4BA62A7F7E3600188333 /* HomeViewController.swift */,
				B1BD4BA82A7F7E4900188333 /* UpcomingViewController.swift */,
				B1BD4BAA2A7F7E9600188333 /* SearchViewController.swift */,
				B1BD4BAC2A7F7EAA00188333 /* DownloadsViewController.swift */,
			);
			path = controllers;
			sourceTree = "<group>";
		};
		B1BD4BAE2A7F926100188333 /* Models */ = {
			isa = PBXGroup;
			children = (
			);
			path = Models;
			sourceTree = "<group>";
		};
		B1BD4BAF2A7F926800188333 /* Views */ = {
			isa = PBXGroup;
			children = (
				B1BD4BB32A7F92FD00188333 /* CollectionViewTableViewCell.swift */,
			);
			path = Views;
			sourceTree = "<group>";
		};
		B1BD4BB02A7F927500188333 /* ViewModels */ = {
			isa = PBXGroup;
			children = (
			);
			path = ViewModels;
			sourceTree = "<group>";
		};
		B1BD4BB12A7F92A100188333 /* Managers */ = {
			isa = PBXGroup;
			children = (
			);
			path = Managers;
			sourceTree = "<group>";
		};
		B1BD4BB22A7F92AB00188333 /* Resources */ = {
			isa = PBXGroup;
			children = (
			);
			path = Resources;
			sourceTree = "<group>";
		};
/* End PBXGroup section */

/* Begin PBXNativeTarget section */
		B1BD4B8B2A7F786B00188333 /* netflix clone */ = {
			isa = PBXNativeTarget;
			buildConfigurationList = B1BD4BA02A7F786C00188333 /* Build configuration list for PBXNativeTarget "netflix clone" */;
			buildPhases = (
				B1BD4B882A7F786B00188333 /* Sources */,
				B1BD4B892A7F786B00188333 /* Frameworks */,
				B1BD4B8A2A7F786B00188333 /* Resources */,
			);
			buildRules = (
			);
			dependencies = (
			);
			name = "netflix clone";
			productName = "netflix clone";
			productReference = B1BD4B8C2A7F786B00188333 /* netflix clone.app */;
			productType = "com.apple.product-type.application";
		};
/* End PBXNativeTarget section */

/* Begin PBXProject section */
		B1BD4B842A7F786B00188333 /* Project object */ = {
			isa = PBXProject;
			attributes = {
				BuildIndependentTargetsInParallel = 1;
				LastSwiftUpdateCheck = 1420;
				LastUpgradeCheck = 1420;
				TargetAttributes = {
					B1BD4B8B2A7F786B00188333 = {
						CreatedOnToolsVersion = 14.2;
					};
				};
			};
			buildConfigurationList = B1BD4B872A7F786B00188333 /* Build configuration list for PBXProject "netflix clone" */;
			compatibilityVersion = "Xcode 14.0";
			developmentRegion = en;
			hasScannedForEncodings = 0;
			knownRegions = (
				en,
				Base,
			);
			mainGroup = B1BD4B832A7F786B00188333;
			productRefGroup = B1BD4B8D2A7F786B00188333 /* Products */;
			projectDirPath = "";
			projectRoot = "";
			targets = (
				B1BD4B8B2A7F786B00188333 /* netflix clone */,
			);
		};
/* End PBXProject section */

/* Begin PBXResourcesBuildPhase section */
		B1BD4B8A2A7F786B00188333 /* Resources */ = {
			isa = PBXResourcesBuildPhase;
			buildActionMask = 2147483647;
			files = (
				B1BD4B9C2A7F786C00188333 /* LaunchScreen.storyboard in Resources */,
				B1BD4B992A7F786C00188333 /* Assets.xcassets in Resources */,
			);
			runOnlyForDeploymentPostprocessing = 0;
		};
/* End PBXResourcesBuildPhase section */

/* Begin PBXSourcesBuildPhase section */
		B1BD4B882A7F786B00188333 /* Sources */ = {
			isa = PBXSourcesBuildPhase;
			buildActionMask = 2147483647;
			files = (
				B1BD4BAB2A7F7E9600188333 /* SearchViewController.swift in Sources */,
				B1BD4B942A7F786B00188333 /* MainTabViewController.swift in Sources */,
				B1BD4BB42A7F92FD00188333 /* CollectionViewTableViewCell.swift in Sources */,
				B1BD4BAD2A7F7EAA00188333 /* DownloadsViewController.swift in Sources */,
				B1BD4B902A7F786B00188333 /* AppDelegate.swift in Sources */,
				B1BD4B922A7F786B00188333 /* SceneDelegate.swift in Sources */,
				B1BD4BA92A7F7E4900188333 /* UpcomingViewController.swift in Sources */,
				B1BD4BA72A7F7E3600188333 /* HomeViewController.swift in Sources */,
			);
			runOnlyForDeploymentPostprocessing = 0;
		};
/* End PBXSourcesBuildPhase section */

/* Begin PBXVariantGroup section */
		B1BD4B9A2A7F786C00188333 /* LaunchScreen.storyboard */ = {
			isa = PBXVariantGroup;
			children = (
				B1BD4B9B2A7F786C00188333 /* Base */,
			);
			name = LaunchScreen.storyboard;
			sourceTree = "<group>";
		};
/* End PBXVariantGroup section */

/* Begin XCBuildConfiguration section */
		B1BD4B9E2A7F786C00188333 /* Debug */ = {
			isa = XCBuildConfiguration;
			buildSettings = {
				ALWAYS_SEARCH_USER_PATHS = NO;
				CLANG_ANALYZER_NONNULL = YES;
				CLANG_ANALYZER_NUMBER_OBJECT_CONVERSION = YES_AGGRESSIVE;
				CLANG_CXX_LANGUAGE_STANDARD = "gnu++20";
				CLANG_ENABLE_MODULES = YES;
				CLANG_ENABLE_OBJC_ARC = YES;
				CLANG_ENABLE_OBJC_WEAK = YES;
				CLANG_WARN_BLOCK_CAPTURE_AUTORELEASING = YES;
				CLANG_WARN_BOOL_CONVERSION = YES;
				CLANG_WARN_COMMA = YES;
				CLANG_WARN_CONSTANT_CONVERSION = YES;
				CLANG_WARN_DEPRECATED_OBJC_IMPLEMENTATIONS = YES;
				CLANG_WARN_DIRECT_OBJC_ISA_USAGE = YES_ERROR;
				CLANG_WARN_DOCUMENTATION_COMMENTS = YES;
				CLANG_WARN_EMPTY_BODY = YES;
				CLANG_WARN_ENUM_CONVERSION = YES;
				CLANG_WARN_INFINITE_RECURSION = YES;
				CLANG_WARN_INT_CONVERSION = YES;
				CLANG_WARN_NON_LITERAL_NULL_CONVERSION = YES;
				CLANG_WARN_OBJC_IMPLICIT_RETAIN_SELF = YES;
				CLANG_WARN_OBJC_LITERAL_CONVERSION = YES;
				CLANG_WARN_OBJC_ROOT_CLASS = YES_ERROR;
				CLANG_WARN_QUOTED_INCLUDE_IN_FRAMEWORK_HEADER = YES;
				CLANG_WARN_RANGE_LOOP_ANALYSIS = YES;
				CLANG_WARN_STRICT_PROTOTYPES = YES;
				CLANG_WARN_SUSPICIOUS_MOVE = YES;
				CLANG_WARN_UNGUARDED_AVAILABILITY = YES_AGGRESSIVE;
				CLANG_WARN_UNREACHABLE_CODE = YES;
				CLANG_WARN__DUPLICATE_METHOD_MATCH = YES;
				COPY_PHASE_STRIP = NO;
				DEBUG_INFORMATION_FORMAT = dwarf;
				ENABLE_STRICT_OBJC_MSGSEND = YES;
				ENABLE_TESTABILITY = YES;
				GCC_C_LANGUAGE_STANDARD = gnu11;
				GCC_DYNAMIC_NO_PIC = NO;
				GCC_NO_COMMON_BLOCKS = YES;
				GCC_OPTIMIZATION_LEVEL = 0;
				GCC_PREPROCESSOR_DEFINITIONS = (
					"DEBUG=1",
					"$(inherited)",
				);
				GCC_WARN_64_TO_32_BIT_CONVERSION = YES;
				GCC_WARN_ABOUT_RETURN_TYPE = YES_ERROR;
				GCC_WARN_UNDECLARED_SELECTOR = YES;
				GCC_WARN_UNINITIALIZED_AUTOS = YES_AGGRESSIVE;
				GCC_WARN_UNUSED_FUNCTION = YES;
				GCC_WARN_UNUSED_VARIABLE = YES;
				IPHONEOS_DEPLOYMENT_TARGET = 16.2;
				MTL_ENABLE_DEBUG_INFO = INCLUDE_SOURCE;
				MTL_FAST_MATH = YES;
				ONLY_ACTIVE_ARCH = YES;
				SDKROOT = iphoneos;
				SWIFT_ACTIVE_COMPILATION_CONDITIONS = DEBUG;
				SWIFT_OPTIMIZATION_LEVEL = "-Onone";
			};
			name = Debug;
		};
		B1BD4B9F2A7F786C00188333 /* Release */ = {
			isa = XCBuildConfiguration;
			buildSettings = {
				ALWAYS_SEARCH_USER_PATHS = NO;
				CLANG_ANALYZER_NONNULL = YES;
				CLANG_ANALYZER_NUMBER_OBJECT_CONVERSION = YES_AGGRESSIVE;
				CLANG_CXX_LANGUAGE_STANDARD = "gnu++20";
				CLANG_ENABLE_MODULES = YES;
				CLANG_ENABLE_OBJC_ARC = YES;
				CLANG_ENABLE_OBJC_WEAK = YES;
				CLANG_WARN_BLOCK_CAPTURE_AUTORELEASING = YES;
				CLANG_WARN_BOOL_CONVERSION = YES;
				CLANG_WARN_COMMA = YES;
				CLANG_WARN_CONSTANT_CONVERSION = YES;
				CLANG_WARN_DEPRECATED_OBJC_IMPLEMENTATIONS = YES;
				CLANG_WARN_DIRECT_OBJC_ISA_USAGE = YES_ERROR;
				CLANG_WARN_DOCUMENTATION_COMMENTS = YES;
				CLANG_WARN_EMPTY_BODY = YES;
				CLANG_WARN_ENUM_CONVERSION = YES;
				CLANG_WARN_INFINITE_RECURSION = YES;
				CLANG_WARN_INT_CONVERSION = YES;
				CLANG_WARN_NON_LITERAL_NULL_CONVERSION = YES;
				CLANG_WARN_OBJC_IMPLICIT_RETAIN_SELF = YES;
				CLANG_WARN_OBJC_LITERAL_CONVERSION = YES;
				CLANG_WARN_OBJC_ROOT_CLASS = YES_ERROR;
				CLANG_WARN_QUOTED_INCLUDE_IN_FRAMEWORK_HEADER = YES;
				CLANG_WARN_RANGE_LOOP_ANALYSIS = YES;
				CLANG_WARN_STRICT_PROTOTYPES = YES;
				CLANG_WARN_SUSPICIOUS_MOVE = YES;
				CLANG_WARN_UNGUARDED_AVAILABILITY = YES_AGGRESSIVE;
				CLANG_WARN_UNREACHABLE_CODE = YES;
				CLANG_WARN__DUPLICATE_METHOD_MATCH = YES;
				COPY_PHASE_STRIP = NO;
				DEBUG_INFORMATION_FORMAT = "dwarf-with-dsym";
				ENABLE_NS_ASSERTIONS = NO;
				ENABLE_STRICT_OBJC_MSGSEND = YES;
				GCC_C_LANGUAGE_STANDARD = gnu11;
				GCC_NO_COMMON_BLOCKS = YES;
				GCC_WARN_64_TO_32_BIT_CONVERSION = YES;
				GCC_WARN_ABOUT_RETURN_TYPE = YES_ERROR;
				GCC_WARN_UNDECLARED_SELECTOR = YES;
				GCC_WARN_UNINITIALIZED_AUTOS = YES_AGGRESSIVE;
				GCC_WARN_UNUSED_FUNCTION = YES;
				GCC_WARN_UNUSED_VARIABLE = YES;
				IPHONEOS_DEPLOYMENT_TARGET = 16.2;
				MTL_ENABLE_DEBUG_INFO = NO;
				MTL_FAST_MATH = YES;
				SDKROOT = iphoneos;
				SWIFT_COMPILATION_MODE = wholemodule;
				SWIFT_OPTIMIZATION_LEVEL = "-O";
				VALIDATE_PRODUCT = YES;
			};
			name = Release;
		};
		B1BD4BA12A7F786C00188333 /* Debug */ = {
			isa = XCBuildConfiguration;
			buildSettings = {
				ASSETCATALOG_COMPILER_APPICON_NAME = AppIcon;
				ASSETCATALOG_COMPILER_GLOBAL_ACCENT_COLOR_NAME = AccentColor;
				CODE_SIGN_STYLE = Automatic;
				CURRENT_PROJECT_VERSION = 1;
				GENERATE_INFOPLIST_FILE = YES;
				INFOPLIST_FILE = "netflix clone/Info.plist";
				INFOPLIST_KEY_UIApplicationSupportsIndirectInputEvents = YES;
				INFOPLIST_KEY_UILaunchStoryboardName = LaunchScreen;
				INFOPLIST_KEY_UISupportedInterfaceOrientations_iPad = "UIInterfaceOrientationPortrait UIInterfaceOrientationPortraitUpsideDown UIInterfaceOrientationLandscapeLeft UIInterfaceOrientationLandscapeRight";
				INFOPLIST_KEY_UISupportedInterfaceOrientations_iPhone = "UIInterfaceOrientationPortrait UIInterfaceOrientationLandscapeLeft UIInterfaceOrientationLandscapeRight";
				LD_RUNPATH_SEARCH_PATHS = (
					"$(inherited)",
					"@executable_path/Frameworks",
				);
				MARKETING_VERSION = 1.0;
				PRODUCT_BUNDLE_IDENTIFIER = "com.dalakoti07.ios.netflix-clone";
				PRODUCT_NAME = "$(TARGET_NAME)";
				SWIFT_EMIT_LOC_STRINGS = YES;
				SWIFT_VERSION = 5.0;
				TARGETED_DEVICE_FAMILY = "1,2";
			};
			name = Debug;
		};
		B1BD4BA22A7F786C00188333 /* Release */ = {
			isa = XCBuildConfiguration;
			buildSettings = {
				ASSETCATALOG_COMPILER_APPICON_NAME = AppIcon;
				ASSETCATALOG_COMPILER_GLOBAL_ACCENT_COLOR_NAME = AccentColor;
				CODE_SIGN_STYLE = Automatic;
				CURRENT_PROJECT_VERSION = 1;
				GENERATE_INFOPLIST_FILE = YES;
				INFOPLIST_FILE = "netflix clone/Info.plist";
				INFOPLIST_KEY_UIApplicationSupportsIndirectInputEvents = YES;
				INFOPLIST_KEY_UILaunchStoryboardName = LaunchScreen;
				INFOPLIST_KEY_UISupportedInterfaceOrientations_iPad = "UIInterfaceOrientationPortrait UIInterfaceOrientationPortraitUpsideDown UIInterfaceOrientationLandscapeLeft UIInterfaceOrientationLandscapeRight";
				INFOPLIST_KEY_UISupportedInterfaceOrientations_iPhone = "UIInterfaceOrientationPortrait UIInterfaceOrientationLandscapeLeft UIInterfaceOrientationLandscapeRight";
				LD_RUNPATH_SEARCH_PATHS = (
					"$(inherited)",
					"@executable_path/Frameworks",
				);
				MARKETING_VERSION = 1.0;
				PRODUCT_BUNDLE_IDENTIFIER = "com.dalakoti07.ios.netflix-clone";
				PRODUCT_NAME = "$(TARGET_NAME)";
				SWIFT_EMIT_LOC_STRINGS = YES;
				SWIFT_VERSION = 5.0;
				TARGETED_DEVICE_FAMILY = "1,2";
			};
			name = Release;
		};
/* End XCBuildConfiguration section */

/* Begin XCConfigurationList section */
		B1BD4B872A7F786B00188333 /* Build configuration list for PBXProject "netflix clone" */ = {
			isa = XCConfigurationList;
			buildConfigurations = (
				B1BD4B9E2A7F786C00188333 /* Debug */,
				B1BD4B9F2A7F786C00188333 /* Release */,
			);
			defaultConfigurationIsVisible = 0;
			defaultConfigurationName = Release;
		};
		B1BD4BA02A7F786C00188333 /* Build configuration list for PBXNativeTarget "netflix clone" */ = {
			isa = XCConfigurationList;
			buildConfigurations = (
				B1BD4BA12A7F786C00188333 /* Debug */,
				B1BD4BA22A7F786C00188333 /* Release */,
			);
			defaultConfigurationIsVisible = 0;
			defaultConfigurationName = Release;
		};
/* End XCConfigurationList section */
	};
	rootObject = B1BD4B842A7F786B00188333 /* Project object */;
}
